// !$*UTF8*$!
{
	archiveVersion = 1;
	classes = {
	};
	objectVersion = 56;
	objects = {

/* Begin PBXBuildFile section */
		7F4AA0CE29891A64007B18E2 /* AppleTutorialApp.swift in Sources */ = {isa = PBXBuildFile; fileRef = 7F4AA0CD29891A64007B18E2 /* AppleTutorialApp.swift */; };
		7F4AA0D029891A64007B18E2 /* ContentView.swift in Sources */ = {isa = PBXBuildFile; fileRef = 7F4AA0CF29891A64007B18E2 /* ContentView.swift */; };
		7F4AA0D229891A65007B18E2 /* Assets.xcassets in Resources */ = {isa = PBXBuildFile; fileRef = 7F4AA0D129891A65007B18E2 /* Assets.xcassets */; };
		7F4AA0D529891A65007B18E2 /* Preview Assets.xcassets in Resources */ = {isa = PBXBuildFile; fileRef = 7F4AA0D429891A65007B18E2 /* Preview Assets.xcassets */; };
		7F4AA0DC298BD3E7007B18E2 /* CircleImage.swift in Sources */ = {isa = PBXBuildFile; fileRef = 7F4AA0DB298BD3E7007B18E2 /* CircleImage.swift */; };
		7F4AA0DE298BD5E4007B18E2 /* MapView.swift in Sources */ = {isa = PBXBuildFile; fileRef = 7F4AA0DD298BD5E4007B18E2 /* MapView.swift */; };
		7F4AA0E0298BE5E0007B18E2 /* landmarkData.json in Resources */ = {isa = PBXBuildFile; fileRef = 7F4AA0DF298BE5E0007B18E2 /* landmarkData.json */; };
		7F4AA0E2298BE626007B18E2 /* Landmark.swift in Sources */ = {isa = PBXBuildFile; fileRef = 7F4AA0E1298BE626007B18E2 /* Landmark.swift */; };
		7F4AA0E4298BE9D5007B18E2 /* ModelData.swift in Sources */ = {isa = PBXBuildFile; fileRef = 7F4AA0E3298BE9D5007B18E2 /* ModelData.swift */; };
		7F4AA0E9298BECD0007B18E2 /* LandmarkRow.swift in Sources */ = {isa = PBXBuildFile; fileRef = 7F4AA0E8298BECD0007B18E2 /* LandmarkRow.swift */; };
		7F4AA0EB298BF756007B18E2 /* LandmarkList.swift in Sources */ = {isa = PBXBuildFile; fileRef = 7F4AA0EA298BF756007B18E2 /* LandmarkList.swift */; };
		7F4AA0ED298BFA30007B18E2 /* LandmarkDetail.swift in Sources */ = {isa = PBXBuildFile; fileRef = 7F4AA0EC298BFA30007B18E2 /* LandmarkDetail.swift */; };
		7F4AA0F3299403F0007B18E2 /* FavoriteButton.swift in Sources */ = {isa = PBXBuildFile; fileRef = 7F4AA0F2299403F0007B18E2 /* FavoriteButton.swift */; };
		7F4AA0F7299A34BC007B18E2 /* HexagonParameters.swift in Sources */ = {isa = PBXBuildFile; fileRef = 7F4AA0F6299A34BC007B18E2 /* HexagonParameters.swift */; };
		7F4AA0F9299A3715007B18E2 /* BadgeBackground.swift in Sources */ = {isa = PBXBuildFile; fileRef = 7F4AA0F8299A3715007B18E2 /* BadgeBackground.swift */; };
		7F4AA0FB299A449D007B18E2 /* BadgeSymbol.swift in Sources */ = {isa = PBXBuildFile; fileRef = 7F4AA0FA299A449D007B18E2 /* BadgeSymbol.swift */; };
		7F4AA0FD299A4547007B18E2 /* RotatedBadgeSymbol.swift in Sources */ = {isa = PBXBuildFile; fileRef = 7F4AA0FC299A4547007B18E2 /* RotatedBadgeSymbol.swift */; };
		7F4AA0FF299A48B1007B18E2 /* Badge.swift in Sources */ = {isa = PBXBuildFile; fileRef = 7F4AA0FE299A48B1007B18E2 /* Badge.swift */; };
		7F4AA102299B88E3007B18E2 /* hikeData.json in Resources */ = {isa = PBXBuildFile; fileRef = 7F4AA101299B88E3007B18E2 /* hikeData.json */; };
		7F4AA104299B8931007B18E2 /* Hike.swift in Sources */ = {isa = PBXBuildFile; fileRef = 7F4AA103299B8931007B18E2 /* Hike.swift */; };
		7F4AA10A299B8ACF007B18E2 /* GraphCapsule.swift in Sources */ = {isa = PBXBuildFile; fileRef = 7F4AA106299B8ACF007B18E2 /* GraphCapsule.swift */; };
		7F4AA10B299B8ACF007B18E2 /* HikeGraph.swift in Sources */ = {isa = PBXBuildFile; fileRef = 7F4AA107299B8ACF007B18E2 /* HikeGraph.swift */; };
		7F4AA10C299B8ACF007B18E2 /* HikeDetail.swift in Sources */ = {isa = PBXBuildFile; fileRef = 7F4AA108299B8ACF007B18E2 /* HikeDetail.swift */; };
		7F4AA10D299B8ACF007B18E2 /* HikeView.swift in Sources */ = {isa = PBXBuildFile; fileRef = 7F4AA109299B8ACF007B18E2 /* HikeView.swift */; };
/* End PBXBuildFile section */

/* Begin PBXFileReference section */
		7F4AA0CA29891A64007B18E2 /* AppleTutorial.app */ = {isa = PBXFileReference; explicitFileType = wrapper.application; includeInIndex = 0; path = AppleTutorial.app; sourceTree = BUILT_PRODUCTS_DIR; };
		7F4AA0CD29891A64007B18E2 /* AppleTutorialApp.swift */ = {isa = PBXFileReference; lastKnownFileType = sourcecode.swift; path = AppleTutorialApp.swift; sourceTree = "<group>"; };
		7F4AA0CF29891A64007B18E2 /* ContentView.swift */ = {isa = PBXFileReference; lastKnownFileType = sourcecode.swift; path = ContentView.swift; sourceTree = "<group>"; };
		7F4AA0D129891A65007B18E2 /* Assets.xcassets */ = {isa = PBXFileReference; lastKnownFileType = folder.assetcatalog; path = Assets.xcassets; sourceTree = "<group>"; };
		7F4AA0D429891A65007B18E2 /* Preview Assets.xcassets */ = {isa = PBXFileReference; lastKnownFileType = folder.assetcatalog; path = "Preview Assets.xcassets"; sourceTree = "<group>"; };
		7F4AA0DB298BD3E7007B18E2 /* CircleImage.swift */ = {isa = PBXFileReference; lastKnownFileType = sourcecode.swift; path = CircleImage.swift; sourceTree = "<group>"; };
		7F4AA0DD298BD5E4007B18E2 /* MapView.swift */ = {isa = PBXFileReference; lastKnownFileType = sourcecode.swift; path = MapView.swift; sourceTree = "<group>"; };
		7F4AA0DF298BE5E0007B18E2 /* landmarkData.json */ = {isa = PBXFileReference; fileEncoding = 4; lastKnownFileType = text.json; path = landmarkData.json; sourceTree = "<group>"; };
		7F4AA0E1298BE626007B18E2 /* Landmark.swift */ = {isa = PBXFileReference; lastKnownFileType = sourcecode.swift; path = Landmark.swift; sourceTree = "<group>"; };
		7F4AA0E3298BE9D5007B18E2 /* ModelData.swift */ = {isa = PBXFileReference; lastKnownFileType = sourcecode.swift; path = ModelData.swift; sourceTree = "<group>"; };
		7F4AA0E8298BECD0007B18E2 /* LandmarkRow.swift */ = {isa = PBXFileReference; lastKnownFileType = sourcecode.swift; path = LandmarkRow.swift; sourceTree = "<group>"; };
		7F4AA0EA298BF756007B18E2 /* LandmarkList.swift */ = {isa = PBXFileReference; lastKnownFileType = sourcecode.swift; path = LandmarkList.swift; sourceTree = "<group>"; };
		7F4AA0EC298BFA30007B18E2 /* LandmarkDetail.swift */ = {isa = PBXFileReference; lastKnownFileType = sourcecode.swift; path = LandmarkDetail.swift; sourceTree = "<group>"; };
		7F4AA0F2299403F0007B18E2 /* FavoriteButton.swift */ = {isa = PBXFileReference; lastKnownFileType = sourcecode.swift; path = FavoriteButton.swift; sourceTree = "<group>"; };
		7F4AA0F6299A34BC007B18E2 /* HexagonParameters.swift */ = {isa = PBXFileReference; lastKnownFileType = sourcecode.swift; path = HexagonParameters.swift; sourceTree = "<group>"; };
		7F4AA0F8299A3715007B18E2 /* BadgeBackground.swift */ = {isa = PBXFileReference; lastKnownFileType = sourcecode.swift; path = BadgeBackground.swift; sourceTree = "<group>"; };
		7F4AA0FA299A449D007B18E2 /* BadgeSymbol.swift */ = {isa = PBXFileReference; lastKnownFileType = sourcecode.swift; path = BadgeSymbol.swift; sourceTree = "<group>"; };
		7F4AA0FC299A4547007B18E2 /* RotatedBadgeSymbol.swift */ = {isa = PBXFileReference; lastKnownFileType = sourcecode.swift; path = RotatedBadgeSymbol.swift; sourceTree = "<group>"; };
		7F4AA0FE299A48B1007B18E2 /* Badge.swift */ = {isa = PBXFileReference; lastKnownFileType = sourcecode.swift; path = Badge.swift; sourceTree = "<group>"; };
		7F4AA101299B88E3007B18E2 /* hikeData.json */ = {isa = PBXFileReference; fileEncoding = 4; lastKnownFileType = text.json; path = hikeData.json; sourceTree = "<group>"; };
		7F4AA103299B8931007B18E2 /* Hike.swift */ = {isa = PBXFileReference; lastKnownFileType = sourcecode.swift; path = Hike.swift; sourceTree = "<group>"; };
		7F4AA106299B8ACF007B18E2 /* GraphCapsule.swift */ = {isa = PBXFileReference; fileEncoding = 4; lastKnownFileType = sourcecode.swift; path = GraphCapsule.swift; sourceTree = "<group>"; };
		7F4AA107299B8ACF007B18E2 /* HikeGraph.swift */ = {isa = PBXFileReference; fileEncoding = 4; lastKnownFileType = sourcecode.swift; path = HikeGraph.swift; sourceTree = "<group>"; };
		7F4AA108299B8ACF007B18E2 /* HikeDetail.swift */ = {isa = PBXFileReference; fileEncoding = 4; lastKnownFileType = sourcecode.swift; path = HikeDetail.swift; sourceTree = "<group>"; };
		7F4AA109299B8ACF007B18E2 /* HikeView.swift */ = {isa = PBXFileReference; fileEncoding = 4; lastKnownFileType = sourcecode.swift; path = HikeView.swift; sourceTree = "<group>"; };
/* End PBXFileReference section */

/* Begin PBXFrameworksBuildPhase section */
		7F4AA0C729891A64007B18E2 /* Frameworks */ = {
			isa = PBXFrameworksBuildPhase;
			buildActionMask = 2147483647;
			files = (
			);
			runOnlyForDeploymentPostprocessing = 0;
		};
/* End PBXFrameworksBuildPhase section */

/* Begin PBXGroup section */
		7F4AA0C129891A64007B18E2 = {
			isa = PBXGroup;
			children = (
				7F4AA0CC29891A64007B18E2 /* AppleTutorial */,
				7F4AA0CB29891A64007B18E2 /* Products */,
			);
			sourceTree = "<group>";
		};
		7F4AA0CB29891A64007B18E2 /* Products */ = {
			isa = PBXGroup;
			children = (
				7F4AA0CA29891A64007B18E2 /* AppleTutorial.app */,
			);
			name = Products;
			sourceTree = "<group>";
		};
		7F4AA0CC29891A64007B18E2 /* AppleTutorial */ = {
			isa = PBXGroup;
			children = (
				7F4AA0CD29891A64007B18E2 /* AppleTutorialApp.swift */,
				7F4AA100299A4C0C007B18E2 /* Badges */,
				7F4AA0F52994053B007B18E2 /* Landmarks */,
				7F4AA0F429940502007B18E2 /* Helper */,
				7F4AA0E5298BEBF2007B18E2 /* Views */,
				7F4AA0E6298BEC01007B18E2 /* Model */,
				7F4AA0E7298BEC1F007B18E2 /* Resources */,
				7F4AA0D129891A65007B18E2 /* Assets.xcassets */,
				7F4AA0D329891A65007B18E2 /* Preview Content */,
			);
			path = AppleTutorial;
			sourceTree = "<group>";
		};
		7F4AA0D329891A65007B18E2 /* Preview Content */ = {
			isa = PBXGroup;
			children = (
				7F4AA0D429891A65007B18E2 /* Preview Assets.xcassets */,
			);
			path = "Preview Content";
			sourceTree = "<group>";
		};
		7F4AA0E5298BEBF2007B18E2 /* Views */ = {
			isa = PBXGroup;
			children = (
				7F4AA105299B8ACF007B18E2 /* Hikes */,
				7F4AA0CF29891A64007B18E2 /* ContentView.swift */,
				7F4AA0F6299A34BC007B18E2 /* HexagonParameters.swift */,
			);
			path = Views;
			sourceTree = "<group>";
		};
		7F4AA0E6298BEC01007B18E2 /* Model */ = {
			isa = PBXGroup;
			children = (
				7F4AA0E1298BE626007B18E2 /* Landmark.swift */,
				7F4AA0E3298BE9D5007B18E2 /* ModelData.swift */,
			);
			path = Model;
			sourceTree = "<group>";
		};
		7F4AA0E7298BEC1F007B18E2 /* Resources */ = {
			isa = PBXGroup;
			children = (
				7F4AA101299B88E3007B18E2 /* hikeData.json */,
				7F4AA0DF298BE5E0007B18E2 /* landmarkData.json */,
			);
			path = Resources;
			sourceTree = "<group>";
		};
		7F4AA0F429940502007B18E2 /* Helper */ = {
			isa = PBXGroup;
			children = (
				7F4AA0DB298BD3E7007B18E2 /* CircleImage.swift */,
				7F4AA0F2299403F0007B18E2 /* FavoriteButton.swift */,
				7F4AA0DD298BD5E4007B18E2 /* MapView.swift */,
			);
			path = Helper;
			sourceTree = "<group>";
		};
		7F4AA0F52994053B007B18E2 /* Landmarks */ = {
			isa = PBXGroup;
			children = (
				7F4AA0EA298BF756007B18E2 /* LandmarkList.swift */,
				7F4AA0E8298BECD0007B18E2 /* LandmarkRow.swift */,
				7F4AA0EC298BFA30007B18E2 /* LandmarkDetail.swift */,
			);
			path = Landmarks;
			sourceTree = "<group>";
		};
		7F4AA100299A4C0C007B18E2 /* Badges */ = {
			isa = PBXGroup;
			children = (
				7F4AA0F8299A3715007B18E2 /* BadgeBackground.swift */,
				7F4AA0FA299A449D007B18E2 /* BadgeSymbol.swift */,
				7F4AA0FC299A4547007B18E2 /* RotatedBadgeSymbol.swift */,
				7F4AA0FE299A48B1007B18E2 /* Badge.swift */,
			);
			path = Badges;
			sourceTree = "<group>";
		};
		7F4AA105299B8ACF007B18E2 /* Hikes */ = {
			isa = PBXGroup;
			children = (
				7F4AA103299B8931007B18E2 /* Hike.swift */,
				7F4AA106299B8ACF007B18E2 /* GraphCapsule.swift */,
				7F4AA107299B8ACF007B18E2 /* HikeGraph.swift */,
				7F4AA108299B8ACF007B18E2 /* HikeDetail.swift */,
				7F4AA109299B8ACF007B18E2 /* HikeView.swift */,
			);
			path = Hikes;
			sourceTree = "<group>";
		};
/* End PBXGroup section */

/* Begin PBXNativeTarget section */
		7F4AA0C929891A64007B18E2 /* AppleTutorial */ = {
			isa = PBXNativeTarget;
			buildConfigurationList = 7F4AA0D829891A66007B18E2 /* Build configuration list for PBXNativeTarget "AppleTutorial" */;
			buildPhases = (
				7F4AA0C629891A64007B18E2 /* Sources */,
				7F4AA0C729891A64007B18E2 /* Frameworks */,
				7F4AA0C829891A64007B18E2 /* Resources */,
			);
			buildRules = (
			);
			dependencies = (
			);
			name = AppleTutorial;
			productName = AppleTutorial;
			productReference = 7F4AA0CA29891A64007B18E2 /* AppleTutorial.app */;
			productType = "com.apple.product-type.application";
		};
/* End PBXNativeTarget section */

/* Begin PBXProject section */
		7F4AA0C229891A64007B18E2 /* Project object */ = {
			isa = PBXProject;
			attributes = {
				BuildIndependentTargetsInParallel = 1;
				LastSwiftUpdateCheck = 1420;
				LastUpgradeCheck = 1420;
				TargetAttributes = {
					7F4AA0C929891A64007B18E2 = {
						CreatedOnToolsVersion = 14.2;
					};
				};
			};
			buildConfigurationList = 7F4AA0C529891A64007B18E2 /* Build configuration list for PBXProject "AppleTutorial" */;
			compatibilityVersion = "Xcode 14.0";
			developmentRegion = en;
			hasScannedForEncodings = 0;
			knownRegions = (
				en,
				Base,
			);
			mainGroup = 7F4AA0C129891A64007B18E2;
			productRefGroup = 7F4AA0CB29891A64007B18E2 /* Products */;
			projectDirPath = "";
			projectRoot = "";
			targets = (
				7F4AA0C929891A64007B18E2 /* AppleTutorial */,
			);
		};
/* End PBXProject section */

/* Begin PBXResourcesBuildPhase section */
		7F4AA0C829891A64007B18E2 /* Resources */ = {
			isa = PBXResourcesBuildPhase;
			buildActionMask = 2147483647;
			files = (
				7F4AA102299B88E3007B18E2 /* hikeData.json in Resources */,
				7F4AA0D529891A65007B18E2 /* Preview Assets.xcassets in Resources */,
				7F4AA0D229891A65007B18E2 /* Assets.xcassets in Resources */,
				7F4AA0E0298BE5E0007B18E2 /* landmarkData.json in Resources */,
			);
			runOnlyForDeploymentPostprocessing = 0;
		};
/* End PBXResourcesBuildPhase section */

/* Begin PBXSourcesBuildPhase section */
		7F4AA0C629891A64007B18E2 /* Sources */ = {
			isa = PBXSourcesBuildPhase;
			buildActionMask = 2147483647;
			files = (
				7F4AA0D029891A64007B18E2 /* ContentView.swift in Sources */,
				7F4AA10B299B8ACF007B18E2 /* HikeGraph.swift in Sources */,
				7F4AA0FF299A48B1007B18E2 /* Badge.swift in Sources */,
				7F4AA0DE298BD5E4007B18E2 /* MapView.swift in Sources */,
				7F4AA10A299B8ACF007B18E2 /* GraphCapsule.swift in Sources */,
				7F4AA0CE29891A64007B18E2 /* AppleTutorialApp.swift in Sources */,
				7F4AA0F3299403F0007B18E2 /* FavoriteButton.swift in Sources */,
				7F4AA10C299B8ACF007B18E2 /* HikeDetail.swift in Sources */,
				7F4AA0F7299A34BC007B18E2 /* HexagonParameters.swift in Sources */,
				7F4AA104299B8931007B18E2 /* Hike.swift in Sources */,
				7F4AA0FD299A4547007B18E2 /* RotatedBadgeSymbol.swift in Sources */,
				7F4AA0FB299A449D007B18E2 /* BadgeSymbol.swift in Sources */,
				7F4AA0EB298BF756007B18E2 /* LandmarkList.swift in Sources */,
				7F4AA10D299B8ACF007B18E2 /* HikeView.swift in Sources */,
				7F4AA0ED298BFA30007B18E2 /* LandmarkDetail.swift in Sources */,
				7F4AA0F9299A3715007B18E2 /* BadgeBackground.swift in Sources */,
				7F4AA0DC298BD3E7007B18E2 /* CircleImage.swift in Sources */,
				7F4AA0E2298BE626007B18E2 /* Landmark.swift in Sources */,
				7F4AA0E9298BECD0007B18E2 /* LandmarkRow.swift in Sources */,
				7F4AA0E4298BE9D5007B18E2 /* ModelData.swift in Sources */,
			);
			runOnlyForDeploymentPostprocessing = 0;
		};
/* End PBXSourcesBuildPhase section */

/* Begin XCBuildConfiguration section */
		7F4AA0D629891A65007B18E2 /* Debug */ = {
			isa = XCBuildConfiguration;
			buildSettings = {
				ALWAYS_SEARCH_USER_PATHS = NO;
				CLANG_ANALYZER_NONNULL = YES;
				CLANG_ANALYZER_NUMBER_OBJECT_CONVERSION = YES_AGGRESSIVE;
				CLANG_CXX_LANGUAGE_STANDARD = "gnu++20";
				CLANG_ENABLE_MODULES = YES;
				CLANG_ENABLE_OBJC_ARC = YES;
				CLANG_ENABLE_OBJC_WEAK = YES;
				CLANG_WARN_BLOCK_CAPTURE_AUTORELEASING = YES;
				CLANG_WARN_BOOL_CONVERSION = YES;
				CLANG_WARN_COMMA = YES;
				CLANG_WARN_CONSTANT_CONVERSION = YES;
				CLANG_WARN_DEPRECATED_OBJC_IMPLEMENTATIONS = YES;
				CLANG_WARN_DIRECT_OBJC_ISA_USAGE = YES_ERROR;
				CLANG_WARN_DOCUMENTATION_COMMENTS = YES;
				CLANG_WARN_EMPTY_BODY = YES;
				CLANG_WARN_ENUM_CONVERSION = YES;
				CLANG_WARN_INFINITE_RECURSION = YES;
				CLANG_WARN_INT_CONVERSION = YES;
				CLANG_WARN_NON_LITERAL_NULL_CONVERSION = YES;
				CLANG_WARN_OBJC_IMPLICIT_RETAIN_SELF = YES;
				CLANG_WARN_OBJC_LITERAL_CONVERSION = YES;
				CLANG_WARN_OBJC_ROOT_CLASS = YES_ERROR;
				CLANG_WARN_QUOTED_INCLUDE_IN_FRAMEWORK_HEADER = YES;
				CLANG_WARN_RANGE_LOOP_ANALYSIS = YES;
				CLANG_WARN_STRICT_PROTOTYPES = YES;
				CLANG_WARN_SUSPICIOUS_MOVE = YES;
				CLANG_WARN_UNGUARDED_AVAILABILITY = YES_AGGRESSIVE;
				CLANG_WARN_UNREACHABLE_CODE = YES;
				CLANG_WARN__DUPLICATE_METHOD_MATCH = YES;
				COPY_PHASE_STRIP = NO;
				DEBUG_INFORMATION_FORMAT = dwarf;
				ENABLE_STRICT_OBJC_MSGSEND = YES;
				ENABLE_TESTABILITY = YES;
				GCC_C_LANGUAGE_STANDARD = gnu11;
				GCC_DYNAMIC_NO_PIC = NO;
				GCC_NO_COMMON_BLOCKS = YES;
				GCC_OPTIMIZATION_LEVEL = 0;
				GCC_PREPROCESSOR_DEFINITIONS = (
					"DEBUG=1",
					"$(inherited)",
				);
				GCC_WARN_64_TO_32_BIT_CONVERSION = YES;
				GCC_WARN_ABOUT_RETURN_TYPE = YES_ERROR;
				GCC_WARN_UNDECLARED_SELECTOR = YES;
				GCC_WARN_UNINITIALIZED_AUTOS = YES_AGGRESSIVE;
				GCC_WARN_UNUSED_FUNCTION = YES;
				GCC_WARN_UNUSED_VARIABLE = YES;
				IPHONEOS_DEPLOYMENT_TARGET = 16.2;
				MTL_ENABLE_DEBUG_INFO = INCLUDE_SOURCE;
				MTL_FAST_MATH = YES;
				ONLY_ACTIVE_ARCH = YES;
				SDKROOT = iphoneos;
				SWIFT_ACTIVE_COMPILATION_CONDITIONS = DEBUG;
				SWIFT_OPTIMIZATION_LEVEL = "-Onone";
			};
			name = Debug;
		};
		7F4AA0D729891A65007B18E2 /* Release */ = {
			isa = XCBuildConfiguration;
			buildSettings = {
				ALWAYS_SEARCH_USER_PATHS = NO;
				CLANG_ANALYZER_NONNULL = YES;
				CLANG_ANALYZER_NUMBER_OBJECT_CONVERSION = YES_AGGRESSIVE;
				CLANG_CXX_LANGUAGE_STANDARD = "gnu++20";
				CLANG_ENABLE_MODULES = YES;
				CLANG_ENABLE_OBJC_ARC = YES;
				CLANG_ENABLE_OBJC_WEAK = YES;
				CLANG_WARN_BLOCK_CAPTURE_AUTORELEASING = YES;
				CLANG_WARN_BOOL_CONVERSION = YES;
				CLANG_WARN_COMMA = YES;
				CLANG_WARN_CONSTANT_CONVERSION = YES;
				CLANG_WARN_DEPRECATED_OBJC_IMPLEMENTATIONS = YES;
				CLANG_WARN_DIRECT_OBJC_ISA_USAGE = YES_ERROR;
				CLANG_WARN_DOCUMENTATION_COMMENTS = YES;
				CLANG_WARN_EMPTY_BODY = YES;
				CLANG_WARN_ENUM_CONVERSION = YES;
				CLANG_WARN_INFINITE_RECURSION = YES;
				CLANG_WARN_INT_CONVERSION = YES;
				CLANG_WARN_NON_LITERAL_NULL_CONVERSION = YES;
				CLANG_WARN_OBJC_IMPLICIT_RETAIN_SELF = YES;
				CLANG_WARN_OBJC_LITERAL_CONVERSION = YES;
				CLANG_WARN_OBJC_ROOT_CLASS = YES_ERROR;
				CLANG_WARN_QUOTED_INCLUDE_IN_FRAMEWORK_HEADER = YES;
				CLANG_WARN_RANGE_LOOP_ANALYSIS = YES;
				CLANG_WARN_STRICT_PROTOTYPES = YES;
				CLANG_WARN_SUSPICIOUS_MOVE = YES;
				CLANG_WARN_UNGUARDED_AVAILABILITY = YES_AGGRESSIVE;
				CLANG_WARN_UNREACHABLE_CODE = YES;
				CLANG_WARN__DUPLICATE_METHOD_MATCH = YES;
				COPY_PHASE_STRIP = NO;
				DEBUG_INFORMATION_FORMAT = "dwarf-with-dsym";
				ENABLE_NS_ASSERTIONS = NO;
				ENABLE_STRICT_OBJC_MSGSEND = YES;
				GCC_C_LANGUAGE_STANDARD = gnu11;
				GCC_NO_COMMON_BLOCKS = YES;
				GCC_WARN_64_TO_32_BIT_CONVERSION = YES;
				GCC_WARN_ABOUT_RETURN_TYPE = YES_ERROR;
				GCC_WARN_UNDECLARED_SELECTOR = YES;
				GCC_WARN_UNINITIALIZED_AUTOS = YES_AGGRESSIVE;
				GCC_WARN_UNUSED_FUNCTION = YES;
				GCC_WARN_UNUSED_VARIABLE = YES;
				IPHONEOS_DEPLOYMENT_TARGET = 16.2;
				MTL_ENABLE_DEBUG_INFO = NO;
				MTL_FAST_MATH = YES;
				SDKROOT = iphoneos;
				SWIFT_COMPILATION_MODE = wholemodule;
				SWIFT_OPTIMIZATION_LEVEL = "-O";
				VALIDATE_PRODUCT = YES;
			};
			name = Release;
		};
		7F4AA0D929891A66007B18E2 /* Debug */ = {
			isa = XCBuildConfiguration;
			buildSettings = {
				ASSETCATALOG_COMPILER_APPICON_NAME = AppIcon;
				ASSETCATALOG_COMPILER_GLOBAL_ACCENT_COLOR_NAME = AccentColor;
				CODE_SIGN_STYLE = Automatic;
				CURRENT_PROJECT_VERSION = 1;
				DEVELOPMENT_ASSET_PATHS = "\"AppleTutorial/Preview Content\"";
				DEVELOPMENT_TEAM = LU9ZSMCS6Q;
				ENABLE_PREVIEWS = YES;
				GENERATE_INFOPLIST_FILE = YES;
				INFOPLIST_KEY_UIApplicationSceneManifest_Generation = YES;
				INFOPLIST_KEY_UIApplicationSupportsIndirectInputEvents = YES;
				INFOPLIST_KEY_UILaunchScreen_Generation = YES;
				INFOPLIST_KEY_UISupportedInterfaceOrientations_iPad = "UIInterfaceOrientationPortrait UIInterfaceOrientationPortraitUpsideDown UIInterfaceOrientationLandscapeLeft UIInterfaceOrientationLandscapeRight";
				INFOPLIST_KEY_UISupportedInterfaceOrientations_iPhone = "UIInterfaceOrientationPortrait UIInterfaceOrientationLandscapeLeft UIInterfaceOrientationLandscapeRight";
				LD_RUNPATH_SEARCH_PATHS = (
					"$(inherited)",
					"@executable_path/Frameworks",
				);
				MARKETING_VERSION = 1.0;
				PRODUCT_BUNDLE_IDENTIFIER = com.jirimatousek.AppleTutorial;
				PRODUCT_NAME = "$(TARGET_NAME)";
				SWIFT_EMIT_LOC_STRINGS = YES;
				SWIFT_VERSION = 5.0;
				TARGETED_DEVICE_FAMILY = "1,2";
			};
			name = Debug;
		};
		7F4AA0DA29891A66007B18E2 /* Release */ = {
			isa = XCBuildConfiguration;
			buildSettings = {
				ASSETCATALOG_COMPILER_APPICON_NAME = AppIcon;
				ASSETCATALOG_COMPILER_GLOBAL_ACCENT_COLOR_NAME = AccentColor;
				CODE_SIGN_STYLE = Automatic;
				CURRENT_PROJECT_VERSION = 1;
				DEVELOPMENT_ASSET_PATHS = "\"AppleTutorial/Preview Content\"";
				DEVELOPMENT_TEAM = LU9ZSMCS6Q;
				ENABLE_PREVIEWS = YES;
				GENERATE_INFOPLIST_FILE = YES;
				INFOPLIST_KEY_UIApplicationSceneManifest_Generation = YES;
				INFOPLIST_KEY_UIApplicationSupportsIndirectInputEvents = YES;
				INFOPLIST_KEY_UILaunchScreen_Generation = YES;
				INFOPLIST_KEY_UISupportedInterfaceOrientations_iPad = "UIInterfaceOrientationPortrait UIInterfaceOrientationPortraitUpsideDown UIInterfaceOrientationLandscapeLeft UIInterfaceOrientationLandscapeRight";
				INFOPLIST_KEY_UISupportedInterfaceOrientations_iPhone = "UIInterfaceOrientationPortrait UIInterfaceOrientationLandscapeLeft UIInterfaceOrientationLandscapeRight";
				LD_RUNPATH_SEARCH_PATHS = (
					"$(inherited)",
					"@executable_path/Frameworks",
				);
				MARKETING_VERSION = 1.0;
				PRODUCT_BUNDLE_IDENTIFIER = com.jirimatousek.AppleTutorial;
				PRODUCT_NAME = "$(TARGET_NAME)";
				SWIFT_EMIT_LOC_STRINGS = YES;
				SWIFT_VERSION = 5.0;
				TARGETED_DEVICE_FAMILY = "1,2";
			};
			name = Release;
		};
/* End XCBuildConfiguration section */

/* Begin XCConfigurationList section */
		7F4AA0C529891A64007B18E2 /* Build configuration list for PBXProject "AppleTutorial" */ = {
			isa = XCConfigurationList;
			buildConfigurations = (
				7F4AA0D629891A65007B18E2 /* Debug */,
				7F4AA0D729891A65007B18E2 /* Release */,
			);
			defaultConfigurationIsVisible = 0;
			defaultConfigurationName = Release;
		};
		7F4AA0D829891A66007B18E2 /* Build configuration list for PBXNativeTarget "AppleTutorial" */ = {
			isa = XCConfigurationList;
			buildConfigurations = (
				7F4AA0D929891A66007B18E2 /* Debug */,
				7F4AA0DA29891A66007B18E2 /* Release */,
			);
			defaultConfigurationIsVisible = 0;
			defaultConfigurationName = Release;
		};
/* End XCConfigurationList section */
	};
	rootObject = 7F4AA0C229891A64007B18E2 /* Project object */;
}
